{
  "name": "ProyectoFinal_ProyectoIntegralWeb",
  "lockfileVersion": 3,
  "requires": true,
  "packages": {
    "": {
      "dependencies": {
        "anime.css": "^1.0.1"
      }
    },
    "node_modules/anime.css": {
      "version": "1.0.1",
      "resolved": "https://registry.npmjs.org/anime.css/-/anime.css-1.0.1.tgz",
      "integrity": "sha512-HMmbinXfWNEy6GHCPnRjPCLq5z4HmP3lhs8lMOOdIzOHK0qiDrRXnSY73VdycUXpstwaEmEGVoDnfILKy30gsw==",
      "license": "MIT"
    }
  }
}
